// !$*UTF8*$!
{
	archiveVersion = 1;
	classes = {
	};
	objectVersion = 46;
	objects = {

/* Begin PBXBuildFile section */
		2CBCAF751B1C5EA400471586 /* AppiraterUmbrellaHeader.h in Headers */ = {isa = PBXBuildFile; fileRef = 2CBCAF741B1C5EA400471586 /* AppiraterUmbrellaHeader.h */; settings = {ATTRIBUTES = (Public, ); }; };
		2CBCAF8B1B1C5EB900471586 /* Appirater.h in Headers */ = {isa = PBXBuildFile; fileRef = 2C886E281B1C36DE00366947 /* Appirater.h */; settings = {ATTRIBUTES = (Public, ); }; };
		2CBCAF8C1B1C5EB900471586 /* Appirater.m in Sources */ = {isa = PBXBuildFile; fileRef = 2C886E291B1C36DE00366947 /* Appirater.m */; };
		2CBCAF8D1B1C5EB900471586 /* AppiraterDelegate.h in Headers */ = {isa = PBXBuildFile; fileRef = 2C886E2C1B1C36E700366947 /* AppiraterDelegate.h */; settings = {ATTRIBUTES = (Public, ); }; };
/* End PBXBuildFile section */

/* Begin PBXFileReference section */
		2C886E281B1C36DE00366947 /* Appirater.h */ = {isa = PBXFileReference; fileEncoding = 4; lastKnownFileType = sourcecode.c.h; path = Appirater.h; sourceTree = SOURCE_ROOT; };
		2C886E291B1C36DE00366947 /* Appirater.m */ = {isa = PBXFileReference; fileEncoding = 4; lastKnownFileType = sourcecode.c.objc; path = Appirater.m; sourceTree = SOURCE_ROOT; };
		2C886E2C1B1C36E700366947 /* AppiraterDelegate.h */ = {isa = PBXFileReference; fileEncoding = 4; lastKnownFileType = sourcecode.c.h; path = AppiraterDelegate.h; sourceTree = SOURCE_ROOT; };
		2C886E321B1C375F00366947 /* ar */ = {isa = PBXFileReference; lastKnownFileType = text.plist.strings; name = ar; path = AppiraterLocalizable.strings; sourceTree = "<group>"; };
		2C886E351B1C375F00366947 /* ca */ = {isa = PBXFileReference; lastKnownFileType = text.plist.strings; name = ca; path = AppiraterLocalizable.strings; sourceTree = "<group>"; };
		2C886E381B1C375F00366947 /* cs */ = {isa = PBXFileReference; lastKnownFileType = text.plist.strings; name = cs; path = AppiraterLocalizable.strings; sourceTree = "<group>"; };
		2C886E3B1B1C375F00366947 /* da */ = {isa = PBXFileReference; lastKnownFileType = text.plist.strings; name = da; path = AppiraterLocalizable.strings; sourceTree = "<group>"; };
		2C886E3E1B1C375F00366947 /* de */ = {isa = PBXFileReference; lastKnownFileType = text.plist.strings; name = de; path = AppiraterLocalizable.strings; sourceTree = "<group>"; };
		2C886E411B1C375F00366947 /* el */ = {isa = PBXFileReference; lastKnownFileType = text.plist.strings; name = el; path = AppiraterLocalizable.strings; sourceTree = "<group>"; };
		2C886E441B1C375F00366947 /* es */ = {isa = PBXFileReference; lastKnownFileType = text.plist.strings; name = es; path = AppiraterLocalizable.strings; sourceTree = "<group>"; };
		2C886E471B1C375F00366947 /* fi */ = {isa = PBXFileReference; lastKnownFileType = text.plist.strings; name = fi; path = AppiraterLocalizable.strings; sourceTree = "<group>"; };
		2C886E4A1B1C375F00366947 /* fr */ = {isa = PBXFileReference; lastKnownFileType = text.plist.strings; name = fr; path = AppiraterLocalizable.strings; sourceTree = "<group>"; };
		2C886E4D1B1C375F00366947 /* he */ = {isa = PBXFileReference; lastKnownFileType = text.plist.strings; name = he; path = AppiraterLocalizable.strings; sourceTree = "<group>"; };
		2C886E501B1C375F00366947 /* hu */ = {isa = PBXFileReference; lastKnownFileType = text.plist.strings; name = hu; path = AppiraterLocalizable.strings; sourceTree = "<group>"; };
		2C886E531B1C375F00366947 /* id */ = {isa = PBXFileReference; lastKnownFileType = text.plist.strings; name = id; path = AppiraterLocalizable.strings; sourceTree = "<group>"; };
		2C886E561B1C375F00366947 /* it */ = {isa = PBXFileReference; lastKnownFileType = text.plist.strings; name = it; path = AppiraterLocalizable.strings; sourceTree = "<group>"; };
		2C886E591B1C375F00366947 /* ko */ = {isa = PBXFileReference; lastKnownFileType = text.plist.strings; name = ko; path = AppiraterLocalizable.strings; sourceTree = "<group>"; };
		2C886E5C1B1C375F00366947 /* ms */ = {isa = PBXFileReference; lastKnownFileType = text.plist.strings; name = ms; path = AppiraterLocalizable.strings; sourceTree = "<group>"; };
		2C886E5F1B1C375F00366947 /* nb */ = {isa = PBXFileReference; lastKnownFileType = text.plist.strings; name = nb; path = AppiraterLocalizable.strings; sourceTree = "<group>"; };
		2C886E621B1C375F00366947 /* nl */ = {isa = PBXFileReference; lastKnownFileType = text.plist.strings; name = nl; path = AppiraterLocalizable.strings; sourceTree = "<group>"; };
		2C886E651B1C375F00366947 /* pl */ = {isa = PBXFileReference; lastKnownFileType = text.plist.strings; name = pl; path = AppiraterLocalizable.strings; sourceTree = "<group>"; };
		2C886E681B1C375F00366947 /* pt-BR */ = {isa = PBXFileReference; lastKnownFileType = text.plist.strings; name = "pt-BR"; path = AppiraterLocalizable.strings; sourceTree = "<group>"; };
		2C886E6B1B1C375F00366947 /* pt */ = {isa = PBXFileReference; lastKnownFileType = text.plist.strings; name = pt; path = AppiraterLocalizable.strings; sourceTree = "<group>"; };
		2C886E6E1B1C375F00366947 /* ru */ = {isa = PBXFileReference; lastKnownFileType = text.plist.strings; name = ru; path = AppiraterLocalizable.strings; sourceTree = "<group>"; };
		2C886E711B1C375F00366947 /* sk */ = {isa = PBXFileReference; lastKnownFileType = text.plist.strings; name = sk; path = AppiraterLocalizable.strings; sourceTree = "<group>"; };
		2C886E741B1C375F00366947 /* sv */ = {isa = PBXFileReference; lastKnownFileType = text.plist.strings; name = sv; path = AppiraterLocalizable.strings; sourceTree = "<group>"; };
		2C886E771B1C375F00366947 /* th */ = {isa = PBXFileReference; lastKnownFileType = text.plist.strings; name = th; path = AppiraterLocalizable.strings; sourceTree = "<group>"; };
		2C886E7A1B1C375F00366947 /* tr */ = {isa = PBXFileReference; lastKnownFileType = text.plist.strings; name = tr; path = AppiraterLocalizable.strings; sourceTree = "<group>"; };
		2C886E7D1B1C375F00366947 /* uk */ = {isa = PBXFileReference; lastKnownFileType = text.plist.strings; name = uk; path = AppiraterLocalizable.strings; sourceTree = "<group>"; };
		2C886E801B1C375F00366947 /* vi */ = {isa = PBXFileReference; lastKnownFileType = text.plist.strings; name = vi; path = AppiraterLocalizable.strings; sourceTree = "<group>"; };
		2C886E831B1C375F00366947 /* zh-Hant */ = {isa = PBXFileReference; lastKnownFileType = text.plist.strings; name = "zh-Hant"; path = AppiraterLocalizable.strings; sourceTree = "<group>"; };
		2CBCAF701B1C5EA400471586 /* Appirater.framework */ = {isa = PBXFileReference; explicitFileType = wrapper.framework; includeInIndex = 0; path = Appirater.framework; sourceTree = BUILT_PRODUCTS_DIR; };
		2CBCAF731B1C5EA400471586 /* Info.plist */ = {isa = PBXFileReference; lastKnownFileType = text.plist.xml; path = Info.plist; sourceTree = "<group>"; };
		2CBCAF741B1C5EA400471586 /* AppiraterUmbrellaHeader.h */ = {isa = PBXFileReference; lastKnownFileType = sourcecode.c.h; path = AppiraterUmbrellaHeader.h; sourceTree = "<group>"; };
		2CBCAF801B1C5EA400471586 /* Info.plist */ = {isa = PBXFileReference; lastKnownFileType = text.plist.xml; path = Info.plist; sourceTree = "<group>"; };
		2CBCAF811B1C5EA400471586 /* AppiraterTests.swift */ = {isa = PBXFileReference; lastKnownFileType = sourcecode.swift; path = AppiraterTests.swift; sourceTree = "<group>"; };
		FB1CEF651B0E16590045029B /* README.md */ = {isa = PBXFileReference; fileEncoding = 4; lastKnownFileType = net.daringfireball.markdown; path = README.md; sourceTree = "<group>"; };
/* End PBXFileReference section */

/* Begin PBXFrameworksBuildPhase section */
		2CBCAF6C1B1C5EA400471586 /* Frameworks */ = {
			isa = PBXFrameworksBuildPhase;
			buildActionMask = 2147483647;
			files = (
			);
			runOnlyForDeploymentPostprocessing = 0;
		};
/* End PBXFrameworksBuildPhase section */

/* Begin PBXGroup section */
		2C886E301B1C375F00366947 /* ar.lproj */ = {
			isa = PBXGroup;
			children = (
				2C886E311B1C375F00366947 /* AppiraterLocalizable.strings */,
			);
			path = ar.lproj;
			sourceTree = SOURCE_ROOT;
		};
		2C886E331B1C375F00366947 /* ca.lproj */ = {
			isa = PBXGroup;
			children = (
				2C886E341B1C375F00366947 /* AppiraterLocalizable.strings */,
			);
			path = ca.lproj;
			sourceTree = SOURCE_ROOT;
		};
		2C886E361B1C375F00366947 /* cs.lproj */ = {
			isa = PBXGroup;
			children = (
				2C886E371B1C375F00366947 /* AppiraterLocalizable.strings */,
			);
			path = cs.lproj;
			sourceTree = SOURCE_ROOT;
		};
		2C886E391B1C375F00366947 /* da.lproj */ = {
			isa = PBXGroup;
			children = (
				2C886E3A1B1C375F00366947 /* AppiraterLocalizable.strings */,
			);
			path = da.lproj;
			sourceTree = SOURCE_ROOT;
		};
		2C886E3C1B1C375F00366947 /* de.lproj */ = {
			isa = PBXGroup;
			children = (
				2C886E3D1B1C375F00366947 /* AppiraterLocalizable.strings */,
			);
			path = de.lproj;
			sourceTree = SOURCE_ROOT;
		};
		2C886E3F1B1C375F00366947 /* el.lproj */ = {
			isa = PBXGroup;
			children = (
				2C886E401B1C375F00366947 /* AppiraterLocalizable.strings */,
			);
			path = el.lproj;
			sourceTree = SOURCE_ROOT;
		};
		2C886E421B1C375F00366947 /* es.lproj */ = {
			isa = PBXGroup;
			children = (
				2C886E431B1C375F00366947 /* AppiraterLocalizable.strings */,
			);
			path = es.lproj;
			sourceTree = SOURCE_ROOT;
		};
		2C886E451B1C375F00366947 /* fi.lproj */ = {
			isa = PBXGroup;
			children = (
				2C886E461B1C375F00366947 /* AppiraterLocalizable.strings */,
			);
			path = fi.lproj;
			sourceTree = SOURCE_ROOT;
		};
		2C886E481B1C375F00366947 /* fr.lproj */ = {
			isa = PBXGroup;
			children = (
				2C886E491B1C375F00366947 /* AppiraterLocalizable.strings */,
			);
			path = fr.lproj;
			sourceTree = SOURCE_ROOT;
		};
		2C886E4B1B1C375F00366947 /* he.lproj */ = {
			isa = PBXGroup;
			children = (
				2C886E4C1B1C375F00366947 /* AppiraterLocalizable.strings */,
			);
			path = he.lproj;
			sourceTree = SOURCE_ROOT;
		};
		2C886E4E1B1C375F00366947 /* hu.lproj */ = {
			isa = PBXGroup;
			children = (
				2C886E4F1B1C375F00366947 /* AppiraterLocalizable.strings */,
			);
			path = hu.lproj;
			sourceTree = SOURCE_ROOT;
		};
		2C886E511B1C375F00366947 /* id.lproj */ = {
			isa = PBXGroup;
			children = (
				2C886E521B1C375F00366947 /* AppiraterLocalizable.strings */,
			);
			path = id.lproj;
			sourceTree = SOURCE_ROOT;
		};
		2C886E541B1C375F00366947 /* it.lproj */ = {
			isa = PBXGroup;
			children = (
				2C886E551B1C375F00366947 /* AppiraterLocalizable.strings */,
			);
			path = it.lproj;
			sourceTree = SOURCE_ROOT;
		};
		2C886E571B1C375F00366947 /* ko.lproj */ = {
			isa = PBXGroup;
			children = (
				2C886E581B1C375F00366947 /* AppiraterLocalizable.strings */,
			);
			path = ko.lproj;
			sourceTree = SOURCE_ROOT;
		};
		2C886E5A1B1C375F00366947 /* ms.lproj */ = {
			isa = PBXGroup;
			children = (
				2C886E5B1B1C375F00366947 /* AppiraterLocalizable.strings */,
			);
			path = ms.lproj;
			sourceTree = SOURCE_ROOT;
		};
		2C886E5D1B1C375F00366947 /* nb.lproj */ = {
			isa = PBXGroup;
			children = (
				2C886E5E1B1C375F00366947 /* AppiraterLocalizable.strings */,
			);
			path = nb.lproj;
			sourceTree = SOURCE_ROOT;
		};
		2C886E601B1C375F00366947 /* nl.lproj */ = {
			isa = PBXGroup;
			children = (
				2C886E611B1C375F00366947 /* AppiraterLocalizable.strings */,
			);
			path = nl.lproj;
			sourceTree = SOURCE_ROOT;
		};
		2C886E631B1C375F00366947 /* pl.lproj */ = {
			isa = PBXGroup;
			children = (
				2C886E641B1C375F00366947 /* AppiraterLocalizable.strings */,
			);
			path = pl.lproj;
			sourceTree = SOURCE_ROOT;
		};
		2C886E661B1C375F00366947 /* pt-BR.lproj */ = {
			isa = PBXGroup;
			children = (
				2C886E671B1C375F00366947 /* AppiraterLocalizable.strings */,
			);
			path = "pt-BR.lproj";
			sourceTree = SOURCE_ROOT;
		};
		2C886E691B1C375F00366947 /* pt.lproj */ = {
			isa = PBXGroup;
			children = (
				2C886E6A1B1C375F00366947 /* AppiraterLocalizable.strings */,
			);
			path = pt.lproj;
			sourceTree = SOURCE_ROOT;
		};
		2C886E6C1B1C375F00366947 /* ru.lproj */ = {
			isa = PBXGroup;
			children = (
				2C886E6D1B1C375F00366947 /* AppiraterLocalizable.strings */,
			);
			path = ru.lproj;
			sourceTree = SOURCE_ROOT;
		};
		2C886E6F1B1C375F00366947 /* sk.lproj */ = {
			isa = PBXGroup;
			children = (
				2C886E701B1C375F00366947 /* AppiraterLocalizable.strings */,
			);
			path = sk.lproj;
			sourceTree = SOURCE_ROOT;
		};
		2C886E721B1C375F00366947 /* sv.lproj */ = {
			isa = PBXGroup;
			children = (
				2C886E731B1C375F00366947 /* AppiraterLocalizable.strings */,
			);
			path = sv.lproj;
			sourceTree = SOURCE_ROOT;
		};
		2C886E751B1C375F00366947 /* th.lproj */ = {
			isa = PBXGroup;
			children = (
				2C886E761B1C375F00366947 /* AppiraterLocalizable.strings */,
			);
			path = th.lproj;
			sourceTree = SOURCE_ROOT;
		};
		2C886E781B1C375F00366947 /* tr.lproj */ = {
			isa = PBXGroup;
			children = (
				2C886E791B1C375F00366947 /* AppiraterLocalizable.strings */,
			);
			path = tr.lproj;
			sourceTree = SOURCE_ROOT;
		};
		2C886E7B1B1C375F00366947 /* uk.lproj */ = {
			isa = PBXGroup;
			children = (
				2C886E7C1B1C375F00366947 /* AppiraterLocalizable.strings */,
			);
			path = uk.lproj;
			sourceTree = SOURCE_ROOT;
		};
		2C886E7E1B1C375F00366947 /* vi.lproj */ = {
			isa = PBXGroup;
			children = (
				2C886E7F1B1C375F00366947 /* AppiraterLocalizable.strings */,
			);
			path = vi.lproj;
			sourceTree = SOURCE_ROOT;
		};
		2C886E811B1C375F00366947 /* zh-Hant.lproj */ = {
			isa = PBXGroup;
			children = (
				2C886E821B1C375F00366947 /* AppiraterLocalizable.strings */,
			);
			path = "zh-Hant.lproj";
			sourceTree = SOURCE_ROOT;
		};
		2CBCAF711B1C5EA400471586 /* Appirater */ = {
			isa = PBXGroup;
			children = (
				2CBCAF741B1C5EA400471586 /* AppiraterUmbrellaHeader.h */,
				2CBCAF721B1C5EA400471586 /* Supporting Files */,
			);
			path = Appirater;
			sourceTree = "<group>";
		};
		2CBCAF721B1C5EA400471586 /* Supporting Files */ = {
			isa = PBXGroup;
			children = (
				2CBCAF731B1C5EA400471586 /* Info.plist */,
			);
			name = "Supporting Files";
			sourceTree = "<group>";
		};
		2CBCAF7E1B1C5EA400471586 /* AppiraterTests */ = {
			isa = PBXGroup;
			children = (
				2CBCAF811B1C5EA400471586 /* AppiraterTests.swift */,
				2CBCAF7F1B1C5EA400471586 /* Supporting Files */,
			);
			path = AppiraterTests;
			sourceTree = "<group>";
		};
		2CBCAF7F1B1C5EA400471586 /* Supporting Files */ = {
			isa = PBXGroup;
			children = (
				2CBCAF801B1C5EA400471586 /* Info.plist */,
			);
			name = "Supporting Files";
			sourceTree = "<group>";
		};
		FB1CEF141B0E15DC0045029B = {
			isa = PBXGroup;
			children = (
				FB1CEF651B0E16590045029B /* README.md */,
				FB1CEF201B0E15DC0045029B /* Appirater */,
				2CBCAF711B1C5EA400471586 /* Appirater */,
				2CBCAF7E1B1C5EA400471586 /* AppiraterTests */,
				FB1CEF1F1B0E15DC0045029B /* Products */,
			);
			sourceTree = "<group>";
		};
		FB1CEF1F1B0E15DC0045029B /* Products */ = {
			isa = PBXGroup;
			children = (
				2CBCAF701B1C5EA400471586 /* Appirater.framework */,
			);
			name = Products;
			sourceTree = "<group>";
		};
		FB1CEF201B0E15DC0045029B /* Appirater */ = {
			isa = PBXGroup;
			children = (
				2C886E281B1C36DE00366947 /* Appirater.h */,
				2C886E291B1C36DE00366947 /* Appirater.m */,
				2C886E2C1B1C36E700366947 /* AppiraterDelegate.h */,
				FB1CEF421B0E163B0045029B /* Localizations */,
			);
			path = Appirater;
			sourceTree = "<group>";
		};
		FB1CEF421B0E163B0045029B /* Localizations */ = {
			isa = PBXGroup;
			children = (
				2C886E301B1C375F00366947 /* ar.lproj */,
				2C886E331B1C375F00366947 /* ca.lproj */,
				2C886E361B1C375F00366947 /* cs.lproj */,
				2C886E391B1C375F00366947 /* da.lproj */,
				2C886E3C1B1C375F00366947 /* de.lproj */,
				2C886E3F1B1C375F00366947 /* el.lproj */,
				2C886E421B1C375F00366947 /* es.lproj */,
				2C886E451B1C375F00366947 /* fi.lproj */,
				2C886E481B1C375F00366947 /* fr.lproj */,
				2C886E4B1B1C375F00366947 /* he.lproj */,
				2C886E4E1B1C375F00366947 /* hu.lproj */,
				2C886E511B1C375F00366947 /* id.lproj */,
				2C886E541B1C375F00366947 /* it.lproj */,
				2C886E571B1C375F00366947 /* ko.lproj */,
				2C886E5A1B1C375F00366947 /* ms.lproj */,
				2C886E5D1B1C375F00366947 /* nb.lproj */,
				2C886E601B1C375F00366947 /* nl.lproj */,
				2C886E631B1C375F00366947 /* pl.lproj */,
				2C886E661B1C375F00366947 /* pt-BR.lproj */,
				2C886E691B1C375F00366947 /* pt.lproj */,
				2C886E6C1B1C375F00366947 /* ru.lproj */,
				2C886E6F1B1C375F00366947 /* sk.lproj */,
				2C886E721B1C375F00366947 /* sv.lproj */,
				2C886E751B1C375F00366947 /* th.lproj */,
				2C886E781B1C375F00366947 /* tr.lproj */,
				2C886E7B1B1C375F00366947 /* uk.lproj */,
				2C886E7E1B1C375F00366947 /* vi.lproj */,
				2C886E811B1C375F00366947 /* zh-Hant.lproj */,
			);
			path = Localizations;
			sourceTree = "<group>";
		};
/* End PBXGroup section */

/* Begin PBXHeadersBuildPhase section */
		2CBCAF6D1B1C5EA400471586 /* Headers */ = {
			isa = PBXHeadersBuildPhase;
			buildActionMask = 2147483647;
			files = (
				2CBCAF751B1C5EA400471586 /* AppiraterUmbrellaHeader.h in Headers */,
				2CBCAF8B1B1C5EB900471586 /* Appirater.h in Headers */,
				2CBCAF8D1B1C5EB900471586 /* AppiraterDelegate.h in Headers */,
			);
			runOnlyForDeploymentPostprocessing = 0;
		};
/* End PBXHeadersBuildPhase section */

/* Begin PBXNativeTarget section */
		2CBCAF6F1B1C5EA400471586 /* Appirater */ = {
			isa = PBXNativeTarget;
			buildConfigurationList = 2CBCAF831B1C5EA400471586 /* Build configuration list for PBXNativeTarget "Appirater" */;
			buildPhases = (
				2CBCAF6B1B1C5EA400471586 /* Sources */,
				2CBCAF6C1B1C5EA400471586 /* Frameworks */,
				2CBCAF6D1B1C5EA400471586 /* Headers */,
				2CBCAF6E1B1C5EA400471586 /* Resources */,
			);
			buildRules = (
			);
			dependencies = (
			);
			name = Appirater;
			productName = Appirater;
			productReference = 2CBCAF701B1C5EA400471586 /* Appirater.framework */;
			productType = "com.apple.product-type.framework";
		};
/* End PBXNativeTarget section */

/* Begin PBXProject section */
		FB1CEF151B0E15DC0045029B /* Project object */ = {
			isa = PBXProject;
			attributes = {
				LastUpgradeCheck = 0630;
				ORGANIZATIONNAME = Hyperconnect;
				TargetAttributes = {
					2CBCAF6F1B1C5EA400471586 = {
						CreatedOnToolsVersion = 6.3.2;
					};
				};
			};
			buildConfigurationList = FB1CEF181B0E15DC0045029B /* Build configuration list for PBXProject "Appirater" */;
			compatibilityVersion = "Xcode 3.2";
			developmentRegion = English;
			hasScannedForEncodings = 0;
			knownRegions = (
				en,
				ar,
				ca,
				cs,
				da,
				de,
				el,
				es,
				fi,
				fr,
				he,
				hu,
				id,
				it,
				ja,
				ko,
				ms,
				nb,
				nl,
				pl,
				"pt-BR",
				pt,
				ro,
				ru,
				sk,
				sv,
				th,
				tr,
				uk,
				vi,
				"zh-Hans",
				"zh-Hant",
			);
			mainGroup = FB1CEF141B0E15DC0045029B;
			productRefGroup = FB1CEF1F1B0E15DC0045029B /* Products */;
			projectDirPath = "";
			projectRoot = "";
			targets = (
				2CBCAF6F1B1C5EA400471586 /* Appirater */,
			);
		};
/* End PBXProject section */

/* Begin PBXResourcesBuildPhase section */
		2CBCAF6E1B1C5EA400471586 /* Resources */ = {
			isa = PBXResourcesBuildPhase;
			buildActionMask = 2147483647;
			files = (
			);
			runOnlyForDeploymentPostprocessing = 0;
		};
/* End PBXResourcesBuildPhase section */

/* Begin PBXSourcesBuildPhase section */
		2CBCAF6B1B1C5EA400471586 /* Sources */ = {
			isa = PBXSourcesBuildPhase;
			buildActionMask = 2147483647;
			files = (
				2CBCAF8C1B1C5EB900471586 /* Appirater.m in Sources */,
			);
			runOnlyForDeploymentPostprocessing = 0;
		};
/* End PBXSourcesBuildPhase section */

/* Begin PBXVariantGroup section */
		2C886E311B1C375F00366947 /* AppiraterLocalizable.strings */ = {
			isa = PBXVariantGroup;
			children = (
				2C886E321B1C375F00366947 /* ar */,
			);
			name = AppiraterLocalizable.strings;
			sourceTree = "<group>";
		};
		2C886E341B1C375F00366947 /* AppiraterLocalizable.strings */ = {
			isa = PBXVariantGroup;
			children = (
				2C886E351B1C375F00366947 /* ca */,
			);
			name = AppiraterLocalizable.strings;
			sourceTree = "<group>";
		};
		2C886E371B1C375F00366947 /* AppiraterLocalizable.strings */ = {
			isa = PBXVariantGroup;
			children = (
				2C886E381B1C375F00366947 /* cs */,
			);
			name = AppiraterLocalizable.strings;
			sourceTree = "<group>";
		};
		2C886E3A1B1C375F00366947 /* AppiraterLocalizable.strings */ = {
			isa = PBXVariantGroup;
			children = (
				2C886E3B1B1C375F00366947 /* da */,
			);
			name = AppiraterLocalizable.strings;
			sourceTree = "<group>";
		};
		2C886E3D1B1C375F00366947 /* AppiraterLocalizable.strings */ = {
			isa = PBXVariantGroup;
			children = (
				2C886E3E1B1C375F00366947 /* de */,
			);
			name = AppiraterLocalizable.strings;
			sourceTree = "<group>";
		};
		2C886E401B1C375F00366947 /* AppiraterLocalizable.strings */ = {
			isa = PBXVariantGroup;
			children = (
				2C886E411B1C375F00366947 /* el */,
			);
			name = AppiraterLocalizable.strings;
			sourceTree = "<group>";
		};
		2C886E431B1C375F00366947 /* AppiraterLocalizable.strings */ = {
			isa = PBXVariantGroup;
			children = (
				2C886E441B1C375F00366947 /* es */,
			);
			name = AppiraterLocalizable.strings;
			sourceTree = "<group>";
		};
		2C886E461B1C375F00366947 /* AppiraterLocalizable.strings */ = {
			isa = PBXVariantGroup;
			children = (
				2C886E471B1C375F00366947 /* fi */,
			);
			name = AppiraterLocalizable.strings;
			sourceTree = "<group>";
		};
		2C886E491B1C375F00366947 /* AppiraterLocalizable.strings */ = {
			isa = PBXVariantGroup;
			children = (
				2C886E4A1B1C375F00366947 /* fr */,
			);
			name = AppiraterLocalizable.strings;
			sourceTree = "<group>";
		};
		2C886E4C1B1C375F00366947 /* AppiraterLocalizable.strings */ = {
			isa = PBXVariantGroup;
			children = (
				2C886E4D1B1C375F00366947 /* he */,
			);
			name = AppiraterLocalizable.strings;
			sourceTree = "<group>";
		};
		2C886E4F1B1C375F00366947 /* AppiraterLocalizable.strings */ = {
			isa = PBXVariantGroup;
			children = (
				2C886E501B1C375F00366947 /* hu */,
			);
			name = AppiraterLocalizable.strings;
			sourceTree = "<group>";
		};
		2C886E521B1C375F00366947 /* AppiraterLocalizable.strings */ = {
			isa = PBXVariantGroup;
			children = (
				2C886E531B1C375F00366947 /* id */,
			);
			name = AppiraterLocalizable.strings;
			sourceTree = "<group>";
		};
		2C886E551B1C375F00366947 /* AppiraterLocalizable.strings */ = {
			isa = PBXVariantGroup;
			children = (
				2C886E561B1C375F00366947 /* it */,
			);
			name = AppiraterLocalizable.strings;
			sourceTree = "<group>";
		};
		2C886E581B1C375F00366947 /* AppiraterLocalizable.strings */ = {
			isa = PBXVariantGroup;
			children = (
				2C886E591B1C375F00366947 /* ko */,
			);
			name = AppiraterLocalizable.strings;
			sourceTree = "<group>";
		};
		2C886E5B1B1C375F00366947 /* AppiraterLocalizable.strings */ = {
			isa = PBXVariantGroup;
			children = (
				2C886E5C1B1C375F00366947 /* ms */,
			);
			name = AppiraterLocalizable.strings;
			sourceTree = "<group>";
		};
		2C886E5E1B1C375F00366947 /* AppiraterLocalizable.strings */ = {
			isa = PBXVariantGroup;
			children = (
				2C886E5F1B1C375F00366947 /* nb */,
			);
			name = AppiraterLocalizable.strings;
			sourceTree = "<group>";
		};
		2C886E611B1C375F00366947 /* AppiraterLocalizable.strings */ = {
			isa = PBXVariantGroup;
			children = (
				2C886E621B1C375F00366947 /* nl */,
			);
			name = AppiraterLocalizable.strings;
			sourceTree = "<group>";
		};
		2C886E641B1C375F00366947 /* AppiraterLocalizable.strings */ = {
			isa = PBXVariantGroup;
			children = (
				2C886E651B1C375F00366947 /* pl */,
			);
			name = AppiraterLocalizable.strings;
			sourceTree = "<group>";
		};
		2C886E671B1C375F00366947 /* AppiraterLocalizable.strings */ = {
			isa = PBXVariantGroup;
			children = (
				2C886E681B1C375F00366947 /* pt-BR */,
			);
			name = AppiraterLocalizable.strings;
			sourceTree = "<group>";
		};
		2C886E6A1B1C375F00366947 /* AppiraterLocalizable.strings */ = {
			isa = PBXVariantGroup;
			children = (
				2C886E6B1B1C375F00366947 /* pt */,
			);
			name = AppiraterLocalizable.strings;
			sourceTree = "<group>";
		};
		2C886E6D1B1C375F00366947 /* AppiraterLocalizable.strings */ = {
			isa = PBXVariantGroup;
			children = (
				2C886E6E1B1C375F00366947 /* ru */,
			);
			name = AppiraterLocalizable.strings;
			sourceTree = "<group>";
		};
		2C886E701B1C375F00366947 /* AppiraterLocalizable.strings */ = {
			isa = PBXVariantGroup;
			children = (
				2C886E711B1C375F00366947 /* sk */,
			);
			name = AppiraterLocalizable.strings;
			sourceTree = "<group>";
		};
		2C886E731B1C375F00366947 /* AppiraterLocalizable.strings */ = {
			isa = PBXVariantGroup;
			children = (
				2C886E741B1C375F00366947 /* sv */,
			);
			name = AppiraterLocalizable.strings;
			sourceTree = "<group>";
		};
		2C886E761B1C375F00366947 /* AppiraterLocalizable.strings */ = {
			isa = PBXVariantGroup;
			children = (
				2C886E771B1C375F00366947 /* th */,
			);
			name = AppiraterLocalizable.strings;
			sourceTree = "<group>";
		};
		2C886E791B1C375F00366947 /* AppiraterLocalizable.strings */ = {
			isa = PBXVariantGroup;
			children = (
				2C886E7A1B1C375F00366947 /* tr */,
			);
			name = AppiraterLocalizable.strings;
			sourceTree = "<group>";
		};
		2C886E7C1B1C375F00366947 /* AppiraterLocalizable.strings */ = {
			isa = PBXVariantGroup;
			children = (
				2C886E7D1B1C375F00366947 /* uk */,
			);
			name = AppiraterLocalizable.strings;
			sourceTree = "<group>";
		};
		2C886E7F1B1C375F00366947 /* AppiraterLocalizable.strings */ = {
			isa = PBXVariantGroup;
			children = (
				2C886E801B1C375F00366947 /* vi */,
			);
			name = AppiraterLocalizable.strings;
			sourceTree = "<group>";
		};
		2C886E821B1C375F00366947 /* AppiraterLocalizable.strings */ = {
			isa = PBXVariantGroup;
			children = (
				2C886E831B1C375F00366947 /* zh-Hant */,
			);
			name = AppiraterLocalizable.strings;
			sourceTree = "<group>";
		};
/* End PBXVariantGroup section */

/* Begin XCBuildConfiguration section */
		2CBCAF841B1C5EA400471586 /* Debug */ = {
			isa = XCBuildConfiguration;
			buildSettings = {
				DEFINES_MODULE = YES;
				DYLIB_COMPATIBILITY_VERSION = 1;
				DYLIB_CURRENT_VERSION = 1;
				DYLIB_INSTALL_NAME_BASE = "@rpath";
				GCC_PREPROCESSOR_DEFINITIONS = (
					"DEBUG=1",
					"$(inherited)",
				);
				INFOPLIST_FILE = Appirater/Info.plist;
				INSTALL_PATH = "$(LOCAL_LIBRARY_DIR)/Frameworks";
				IPHONEOS_DEPLOYMENT_TARGET = 8.0;
				LD_RUNPATH_SEARCH_PATHS = "$(inherited) @executable_path/Frameworks @loader_path/Frameworks";
				MODULEMAP_FILE = "$(SRCROOT)/Appirater/module.modulemap";
				PRODUCT_NAME = "$(TARGET_NAME)";
				SKIP_INSTALL = YES;
			};
			name = Debug;
		};
		2CBCAF851B1C5EA400471586 /* Release */ = {
			isa = XCBuildConfiguration;
			buildSettings = {
				DEFINES_MODULE = YES;
				DYLIB_COMPATIBILITY_VERSION = 1;
				DYLIB_CURRENT_VERSION = 1;
				DYLIB_INSTALL_NAME_BASE = "@rpath";
				INFOPLIST_FILE = Appirater/Info.plist;
				INSTALL_PATH = "$(LOCAL_LIBRARY_DIR)/Frameworks";
				IPHONEOS_DEPLOYMENT_TARGET = 8.0;
				LD_RUNPATH_SEARCH_PATHS = "$(inherited) @executable_path/Frameworks @loader_path/Frameworks";
				MODULEMAP_FILE = "$(SRCROOT)/Appirater/module.modulemap";
				PRODUCT_NAME = "$(TARGET_NAME)";
				SKIP_INSTALL = YES;
			};
			name = Release;
		};
		2CBCAF861B1C5EA400471586 /* QA */ = {
			isa = XCBuildConfiguration;
			buildSettings = {
				DEFINES_MODULE = YES;
				DYLIB_COMPATIBILITY_VERSION = 1;
				DYLIB_CURRENT_VERSION = 1;
				DYLIB_INSTALL_NAME_BASE = "@rpath";
				INFOPLIST_FILE = Appirater/Info.plist;
				INSTALL_PATH = "$(LOCAL_LIBRARY_DIR)/Frameworks";
				IPHONEOS_DEPLOYMENT_TARGET = 8.0;
				LD_RUNPATH_SEARCH_PATHS = "$(inherited) @executable_path/Frameworks @loader_path/Frameworks";
				MODULEMAP_FILE = "$(SRCROOT)/Appirater/module.modulemap";
				PRODUCT_NAME = "$(TARGET_NAME)";
				SKIP_INSTALL = YES;
			};
			name = QA;
		};
		FB1CEF321B0E15DC0045029B /* Debug */ = {
			isa = XCBuildConfiguration;
			buildSettings = {
				ALWAYS_SEARCH_USER_PATHS = NO;
				CLANG_CXX_LANGUAGE_STANDARD = "gnu++0x";
				CLANG_CXX_LIBRARY = "libc++";
				CLANG_ENABLE_MODULES = YES;
				CLANG_ENABLE_OBJC_ARC = YES;
				CLANG_WARN_BOOL_CONVERSION = YES;
				CLANG_WARN_CONSTANT_CONVERSION = YES;
				CLANG_WARN_DIRECT_OBJC_ISA_USAGE = YES_ERROR;
				CLANG_WARN_EMPTY_BODY = YES;
				CLANG_WARN_ENUM_CONVERSION = YES;
				CLANG_WARN_INT_CONVERSION = YES;
				CLANG_WARN_OBJC_ROOT_CLASS = YES_ERROR;
				CLANG_WARN_UNREACHABLE_CODE = YES;
				CLANG_WARN__DUPLICATE_METHOD_MATCH = YES;
				"CODE_SIGN_IDENTITY[sdk=iphoneos*]" = "iPhone Developer";
				COPY_PHASE_STRIP = NO;
				CURRENT_PROJECT_VERSION = 1;
				DEBUG_INFORMATION_FORMAT = "dwarf-with-dsym";
				ENABLE_STRICT_OBJC_MSGSEND = YES;
				GCC_C_LANGUAGE_STANDARD = gnu99;
				GCC_DYNAMIC_NO_PIC = NO;
				GCC_NO_COMMON_BLOCKS = YES;
				GCC_OPTIMIZATION_LEVEL = 0;
				GCC_PREPROCESSOR_DEFINITIONS = (
					"DEBUG=1",
					"$(inherited)",
				);
				GCC_SYMBOLS_PRIVATE_EXTERN = NO;
				GCC_WARN_64_TO_32_BIT_CONVERSION = YES;
				GCC_WARN_ABOUT_RETURN_TYPE = YES_ERROR;
				GCC_WARN_UNDECLARED_SELECTOR = YES;
				GCC_WARN_UNINITIALIZED_AUTOS = YES_AGGRESSIVE;
				GCC_WARN_UNUSED_FUNCTION = YES;
				GCC_WARN_UNUSED_VARIABLE = YES;
				IPHONEOS_DEPLOYMENT_TARGET = 8.0;
				MTL_ENABLE_DEBUG_INFO = YES;
				ONLY_ACTIVE_ARCH = YES;
				SDKROOT = iphoneos;
				SWIFT_OPTIMIZATION_LEVEL = "-Onone";
				TARGETED_DEVICE_FAMILY = "1,2";
				VERSIONING_SYSTEM = "apple-generic";
				VERSION_INFO_PREFIX = "";
			};
			name = Debug;
		};
		FB1CEF331B0E15DC0045029B /* Release */ = {
			isa = XCBuildConfiguration;
			buildSettings = {
				ALWAYS_SEARCH_USER_PATHS = NO;
				CLANG_CXX_LANGUAGE_STANDARD = "gnu++0x";
				CLANG_CXX_LIBRARY = "libc++";
				CLANG_ENABLE_MODULES = YES;
				CLANG_ENABLE_OBJC_ARC = YES;
				CLANG_WARN_BOOL_CONVERSION = YES;
				CLANG_WARN_CONSTANT_CONVERSION = YES;
				CLANG_WARN_DIRECT_OBJC_ISA_USAGE = YES_ERROR;
				CLANG_WARN_EMPTY_BODY = YES;
				CLANG_WARN_ENUM_CONVERSION = YES;
				CLANG_WARN_INT_CONVERSION = YES;
				CLANG_WARN_OBJC_ROOT_CLASS = YES_ERROR;
				CLANG_WARN_UNREACHABLE_CODE = YES;
				CLANG_WARN__DUPLICATE_METHOD_MATCH = YES;
				"CODE_SIGN_IDENTITY[sdk=iphoneos*]" = "iPhone Developer";
				COPY_PHASE_STRIP = NO;
				CURRENT_PROJECT_VERSION = 1;
				DEBUG_INFORMATION_FORMAT = "dwarf-with-dsym";
				ENABLE_NS_ASSERTIONS = NO;
				ENABLE_STRICT_OBJC_MSGSEND = YES;
				GCC_C_LANGUAGE_STANDARD = gnu99;
				GCC_NO_COMMON_BLOCKS = YES;
				GCC_WARN_64_TO_32_BIT_CONVERSION = YES;
				GCC_WARN_ABOUT_RETURN_TYPE = YES_ERROR;
				GCC_WARN_UNDECLARED_SELECTOR = YES;
				GCC_WARN_UNINITIALIZED_AUTOS = YES_AGGRESSIVE;
				GCC_WARN_UNUSED_FUNCTION = YES;
				GCC_WARN_UNUSED_VARIABLE = YES;
				IPHONEOS_DEPLOYMENT_TARGET = 8.0;
				MTL_ENABLE_DEBUG_INFO = NO;
				SDKROOT = iphoneos;
				TARGETED_DEVICE_FAMILY = "1,2";
				VALIDATE_PRODUCT = YES;
				VERSIONING_SYSTEM = "apple-generic";
				VERSION_INFO_PREFIX = "";
			};
			name = Release;
		};
		FB1CEF3A1B0E15EE0045029B /* QA */ = {
			isa = XCBuildConfiguration;
			buildSettings = {
				ALWAYS_SEARCH_USER_PATHS = NO;
				CLANG_CXX_LANGUAGE_STANDARD = "gnu++0x";
				CLANG_CXX_LIBRARY = "libc++";
				CLANG_ENABLE_MODULES = YES;
				CLANG_ENABLE_OBJC_ARC = YES;
				CLANG_WARN_BOOL_CONVERSION = YES;
				CLANG_WARN_CONSTANT_CONVERSION = YES;
				CLANG_WARN_DIRECT_OBJC_ISA_USAGE = YES_ERROR;
				CLANG_WARN_EMPTY_BODY = YES;
				CLANG_WARN_ENUM_CONVERSION = YES;
				CLANG_WARN_INT_CONVERSION = YES;
				CLANG_WARN_OBJC_ROOT_CLASS = YES_ERROR;
				CLANG_WARN_UNREACHABLE_CODE = YES;
				CLANG_WARN__DUPLICATE_METHOD_MATCH = YES;
				"CODE_SIGN_IDENTITY[sdk=iphoneos*]" = "iPhone Developer";
				COPY_PHASE_STRIP = NO;
				CURRENT_PROJECT_VERSION = 1;
				DEBUG_INFORMATION_FORMAT = "dwarf-with-dsym";
				ENABLE_NS_ASSERTIONS = NO;
				ENABLE_STRICT_OBJC_MSGSEND = YES;
				GCC_C_LANGUAGE_STANDARD = gnu99;
				GCC_NO_COMMON_BLOCKS = YES;
				GCC_WARN_64_TO_32_BIT_CONVERSION = YES;
				GCC_WARN_ABOUT_RETURN_TYPE = YES_ERROR;
				GCC_WARN_UNDECLARED_SELECTOR = YES;
				GCC_WARN_UNINITIALIZED_AUTOS = YES_AGGRESSIVE;
				GCC_WARN_UNUSED_FUNCTION = YES;
				GCC_WARN_UNUSED_VARIABLE = YES;
				IPHONEOS_DEPLOYMENT_TARGET = 8.0;
				MTL_ENABLE_DEBUG_INFO = NO;
				SDKROOT = iphoneos;
				TARGETED_DEVICE_FAMILY = "1,2";
				VALIDATE_PRODUCT = YES;
				VERSIONING_SYSTEM = "apple-generic";
				VERSION_INFO_PREFIX = "";
			};
			name = QA;
		};
/* End XCBuildConfiguration section */

/* Begin XCConfigurationList section */
		2CBCAF831B1C5EA400471586 /* Build configuration list for PBXNativeTarget "Appirater" */ = {
			isa = XCConfigurationList;
			buildConfigurations = (
				2CBCAF841B1C5EA400471586 /* Debug */,
				2CBCAF851B1C5EA400471586 /* Release */,
				2CBCAF861B1C5EA400471586 /* QA */,
			);
			defaultConfigurationIsVisible = 0;
		};
		FB1CEF181B0E15DC0045029B /* Build configuration list for PBXProject "Appirater" */ = {
			isa = XCConfigurationList;
			buildConfigurations = (
				FB1CEF321B0E15DC0045029B /* Debug */,
				FB1CEF331B0E15DC0045029B /* Release */,
				FB1CEF3A1B0E15EE0045029B /* QA */,
			);
			defaultConfigurationIsVisible = 0;
			defaultConfigurationName = Release;
		};
/* End XCConfigurationList section */
	};
	rootObject = FB1CEF151B0E15DC0045029B /* Project object */;
}
