// !$*UTF8*$!
{
	archiveVersion = 1;
	classes = {
	};
	objectVersion = 46;
	objects = {

/* Begin PBXBuildFile section */
		2CBCAF751B1C5EA400471586 /* AppiraterUmbrellaHeader.h in Headers */ = {isa = PBXBuildFile; fileRef = 2CBCAF741B1C5EA400471586 /* AppiraterUmbrellaHeader.h */; settings = {ATTRIBUTES = (Public, ); }; };
		2CBCAF8B1B1C5EB900471586 /* Appirater.h in Headers */ = {isa = PBXBuildFile; fileRef = 2C886E281B1C36DE00366947 /* Appirater.h */; settings = {ATTRIBUTES = (Public, ); }; };
		2CBCAF8C1B1C5EB900471586 /* Appirater.m in Sources */ = {isa = PBXBuildFile; fileRef = 2C886E291B1C36DE00366947 /* Appirater.m */; };
		2CBCAF8D1B1C5EB900471586 /* AppiraterDelegate.h in Headers */ = {isa = PBXBuildFile; fileRef = 2C886E2C1B1C36E700366947 /* AppiraterDelegate.h */; settings = {ATTRIBUTES = (Public, ); }; };
		FBB25A131B429A3200794C12 /* ar.lproj in Resources */ = {isa = PBXBuildFile; fileRef = FBB259F31B429A3200794C12 /* ar.lproj */; };
		FBB25A141B429A3200794C12 /* ca.lproj in Resources */ = {isa = PBXBuildFile; fileRef = FBB259F41B429A3200794C12 /* ca.lproj */; };
		FBB25A151B429A3200794C12 /* cs.lproj in Resources */ = {isa = PBXBuildFile; fileRef = FBB259F51B429A3200794C12 /* cs.lproj */; };
		FBB25A161B429A3200794C12 /* da.lproj in Resources */ = {isa = PBXBuildFile; fileRef = FBB259F61B429A3200794C12 /* da.lproj */; };
		FBB25A171B429A3200794C12 /* de.lproj in Resources */ = {isa = PBXBuildFile; fileRef = FBB259F71B429A3200794C12 /* de.lproj */; };
		FBB25A181B429A3200794C12 /* el.lproj in Resources */ = {isa = PBXBuildFile; fileRef = FBB259F81B429A3200794C12 /* el.lproj */; };
		FBB25A191B429A3200794C12 /* en.lproj in Resources */ = {isa = PBXBuildFile; fileRef = FBB259F91B429A3200794C12 /* en.lproj */; };
		FBB25A1A1B429A3200794C12 /* es.lproj in Resources */ = {isa = PBXBuildFile; fileRef = FBB259FA1B429A3200794C12 /* es.lproj */; };
		FBB25A1B1B429A3200794C12 /* fi.lproj in Resources */ = {isa = PBXBuildFile; fileRef = FBB259FB1B429A3200794C12 /* fi.lproj */; };
		FBB25A1C1B429A3200794C12 /* fr.lproj in Resources */ = {isa = PBXBuildFile; fileRef = FBB259FC1B429A3200794C12 /* fr.lproj */; };
		FBB25A1D1B429A3200794C12 /* he.lproj in Resources */ = {isa = PBXBuildFile; fileRef = FBB259FD1B429A3200794C12 /* he.lproj */; };
		FBB25A1E1B429A3200794C12 /* hu.lproj in Resources */ = {isa = PBXBuildFile; fileRef = FBB259FE1B429A3200794C12 /* hu.lproj */; };
		FBB25A1F1B429A3200794C12 /* id.lproj in Resources */ = {isa = PBXBuildFile; fileRef = FBB259FF1B429A3200794C12 /* id.lproj */; };
		FBB25A201B429A3200794C12 /* it.lproj in Resources */ = {isa = PBXBuildFile; fileRef = FBB25A001B429A3200794C12 /* it.lproj */; };
		FBB25A211B429A3200794C12 /* ja.lproj in Resources */ = {isa = PBXBuildFile; fileRef = FBB25A011B429A3200794C12 /* ja.lproj */; };
		FBB25A221B429A3200794C12 /* ko.lproj in Resources */ = {isa = PBXBuildFile; fileRef = FBB25A021B429A3200794C12 /* ko.lproj */; };
		FBB25A231B429A3200794C12 /* ms.lproj in Resources */ = {isa = PBXBuildFile; fileRef = FBB25A031B429A3200794C12 /* ms.lproj */; };
		FBB25A241B429A3200794C12 /* nb.lproj in Resources */ = {isa = PBXBuildFile; fileRef = FBB25A041B429A3200794C12 /* nb.lproj */; };
		FBB25A251B429A3200794C12 /* nl.lproj in Resources */ = {isa = PBXBuildFile; fileRef = FBB25A051B429A3200794C12 /* nl.lproj */; };
		FBB25A261B429A3200794C12 /* pl.lproj in Resources */ = {isa = PBXBuildFile; fileRef = FBB25A061B429A3200794C12 /* pl.lproj */; };
		FBB25A271B429A3200794C12 /* pt-BR.lproj in Resources */ = {isa = PBXBuildFile; fileRef = FBB25A071B429A3200794C12 /* pt-BR.lproj */; };
		FBB25A281B429A3200794C12 /* pt.lproj in Resources */ = {isa = PBXBuildFile; fileRef = FBB25A081B429A3200794C12 /* pt.lproj */; };
		FBB25A291B429A3200794C12 /* ro.lproj in Resources */ = {isa = PBXBuildFile; fileRef = FBB25A091B429A3200794C12 /* ro.lproj */; };
		FBB25A2A1B429A3200794C12 /* ru.lproj in Resources */ = {isa = PBXBuildFile; fileRef = FBB25A0A1B429A3200794C12 /* ru.lproj */; };
		FBB25A2B1B429A3200794C12 /* sk.lproj in Resources */ = {isa = PBXBuildFile; fileRef = FBB25A0B1B429A3200794C12 /* sk.lproj */; };
		FBB25A2C1B429A3200794C12 /* sv.lproj in Resources */ = {isa = PBXBuildFile; fileRef = FBB25A0C1B429A3200794C12 /* sv.lproj */; };
		FBB25A2D1B429A3200794C12 /* th.lproj in Resources */ = {isa = PBXBuildFile; fileRef = FBB25A0D1B429A3200794C12 /* th.lproj */; };
		FBB25A2E1B429A3200794C12 /* tr.lproj in Resources */ = {isa = PBXBuildFile; fileRef = FBB25A0E1B429A3200794C12 /* tr.lproj */; };
		FBB25A2F1B429A3200794C12 /* uk.lproj in Resources */ = {isa = PBXBuildFile; fileRef = FBB25A0F1B429A3200794C12 /* uk.lproj */; };
		FBB25A301B429A3200794C12 /* vi.lproj in Resources */ = {isa = PBXBuildFile; fileRef = FBB25A101B429A3200794C12 /* vi.lproj */; };
		FBB25A311B429A3200794C12 /* zh-Hans.lproj in Resources */ = {isa = PBXBuildFile; fileRef = FBB25A111B429A3200794C12 /* zh-Hans.lproj */; };
		FBB25A321B429A3200794C12 /* zh-Hant.lproj in Resources */ = {isa = PBXBuildFile; fileRef = FBB25A121B429A3200794C12 /* zh-Hant.lproj */; };
/* End PBXBuildFile section */

/* Begin PBXFileReference section */
		2C886E281B1C36DE00366947 /* Appirater.h */ = {isa = PBXFileReference; fileEncoding = 4; lastKnownFileType = sourcecode.c.h; path = Appirater.h; sourceTree = SOURCE_ROOT; };
		2C886E291B1C36DE00366947 /* Appirater.m */ = {isa = PBXFileReference; fileEncoding = 4; lastKnownFileType = sourcecode.c.objc; path = Appirater.m; sourceTree = SOURCE_ROOT; };
		2C886E2C1B1C36E700366947 /* AppiraterDelegate.h */ = {isa = PBXFileReference; fileEncoding = 4; lastKnownFileType = sourcecode.c.h; path = AppiraterDelegate.h; sourceTree = SOURCE_ROOT; };
		2CBCAF701B1C5EA400471586 /* Appirater.framework */ = {isa = PBXFileReference; explicitFileType = wrapper.framework; includeInIndex = 0; path = Appirater.framework; sourceTree = BUILT_PRODUCTS_DIR; };
		2CBCAF731B1C5EA400471586 /* Info.plist */ = {isa = PBXFileReference; lastKnownFileType = text.plist.xml; path = Info.plist; sourceTree = "<group>"; };
		2CBCAF741B1C5EA400471586 /* AppiraterUmbrellaHeader.h */ = {isa = PBXFileReference; lastKnownFileType = sourcecode.c.h; path = AppiraterUmbrellaHeader.h; sourceTree = "<group>"; };
		2CBCAF801B1C5EA400471586 /* Info.plist */ = {isa = PBXFileReference; lastKnownFileType = text.plist.xml; path = Info.plist; sourceTree = "<group>"; };
		2CBCAF811B1C5EA400471586 /* AppiraterTests.swift */ = {isa = PBXFileReference; lastKnownFileType = sourcecode.swift; path = AppiraterTests.swift; sourceTree = "<group>"; };
		FB1CEF651B0E16590045029B /* README.md */ = {isa = PBXFileReference; fileEncoding = 4; lastKnownFileType = net.daringfireball.markdown; path = README.md; sourceTree = "<group>"; };
		FBB259F31B429A3200794C12 /* ar.lproj */ = {isa = PBXFileReference; lastKnownFileType = folder; path = ar.lproj; sourceTree = SOURCE_ROOT; };
		FBB259F41B429A3200794C12 /* ca.lproj */ = {isa = PBXFileReference; lastKnownFileType = folder; path = ca.lproj; sourceTree = SOURCE_ROOT; };
		FBB259F51B429A3200794C12 /* cs.lproj */ = {isa = PBXFileReference; lastKnownFileType = folder; path = cs.lproj; sourceTree = SOURCE_ROOT; };
		FBB259F61B429A3200794C12 /* da.lproj */ = {isa = PBXFileReference; lastKnownFileType = folder; path = da.lproj; sourceTree = SOURCE_ROOT; };
		FBB259F71B429A3200794C12 /* de.lproj */ = {isa = PBXFileReference; lastKnownFileType = folder; path = de.lproj; sourceTree = SOURCE_ROOT; };
		FBB259F81B429A3200794C12 /* el.lproj */ = {isa = PBXFileReference; lastKnownFileType = folder; path = el.lproj; sourceTree = SOURCE_ROOT; };
		FBB259F91B429A3200794C12 /* en.lproj */ = {isa = PBXFileReference; lastKnownFileType = folder; path = en.lproj; sourceTree = SOURCE_ROOT; };
		FBB259FA1B429A3200794C12 /* es.lproj */ = {isa = PBXFileReference; lastKnownFileType = folder; path = es.lproj; sourceTree = SOURCE_ROOT; };
		FBB259FB1B429A3200794C12 /* fi.lproj */ = {isa = PBXFileReference; lastKnownFileType = folder; path = fi.lproj; sourceTree = SOURCE_ROOT; };
		FBB259FC1B429A3200794C12 /* fr.lproj */ = {isa = PBXFileReference; lastKnownFileType = folder; path = fr.lproj; sourceTree = SOURCE_ROOT; };
		FBB259FD1B429A3200794C12 /* he.lproj */ = {isa = PBXFileReference; lastKnownFileType = folder; path = he.lproj; sourceTree = SOURCE_ROOT; };
		FBB259FE1B429A3200794C12 /* hu.lproj */ = {isa = PBXFileReference; lastKnownFileType = folder; path = hu.lproj; sourceTree = SOURCE_ROOT; };
		FBB259FF1B429A3200794C12 /* id.lproj */ = {isa = PBXFileReference; lastKnownFileType = folder; path = id.lproj; sourceTree = SOURCE_ROOT; };
		FBB25A001B429A3200794C12 /* it.lproj */ = {isa = PBXFileReference; lastKnownFileType = folder; path = it.lproj; sourceTree = SOURCE_ROOT; };
		FBB25A011B429A3200794C12 /* ja.lproj */ = {isa = PBXFileReference; lastKnownFileType = folder; path = ja.lproj; sourceTree = SOURCE_ROOT; };
		FBB25A021B429A3200794C12 /* ko.lproj */ = {isa = PBXFileReference; lastKnownFileType = folder; path = ko.lproj; sourceTree = SOURCE_ROOT; };
		FBB25A031B429A3200794C12 /* ms.lproj */ = {isa = PBXFileReference; lastKnownFileType = folder; path = ms.lproj; sourceTree = SOURCE_ROOT; };
		FBB25A041B429A3200794C12 /* nb.lproj */ = {isa = PBXFileReference; lastKnownFileType = folder; path = nb.lproj; sourceTree = SOURCE_ROOT; };
		FBB25A051B429A3200794C12 /* nl.lproj */ = {isa = PBXFileReference; lastKnownFileType = folder; path = nl.lproj; sourceTree = SOURCE_ROOT; };
		FBB25A061B429A3200794C12 /* pl.lproj */ = {isa = PBXFileReference; lastKnownFileType = folder; path = pl.lproj; sourceTree = SOURCE_ROOT; };
		FBB25A071B429A3200794C12 /* pt-BR.lproj */ = {isa = PBXFileReference; lastKnownFileType = folder; path = "pt-BR.lproj"; sourceTree = SOURCE_ROOT; };
		FBB25A081B429A3200794C12 /* pt.lproj */ = {isa = PBXFileReference; lastKnownFileType = folder; path = pt.lproj; sourceTree = SOURCE_ROOT; };
		FBB25A091B429A3200794C12 /* ro.lproj */ = {isa = PBXFileReference; lastKnownFileType = folder; path = ro.lproj; sourceTree = SOURCE_ROOT; };
		FBB25A0A1B429A3200794C12 /* ru.lproj */ = {isa = PBXFileReference; lastKnownFileType = folder; path = ru.lproj; sourceTree = SOURCE_ROOT; };
		FBB25A0B1B429A3200794C12 /* sk.lproj */ = {isa = PBXFileReference; lastKnownFileType = folder; path = sk.lproj; sourceTree = SOURCE_ROOT; };
		FBB25A0C1B429A3200794C12 /* sv.lproj */ = {isa = PBXFileReference; lastKnownFileType = folder; path = sv.lproj; sourceTree = SOURCE_ROOT; };
		FBB25A0D1B429A3200794C12 /* th.lproj */ = {isa = PBXFileReference; lastKnownFileType = folder; path = th.lproj; sourceTree = SOURCE_ROOT; };
		FBB25A0E1B429A3200794C12 /* tr.lproj */ = {isa = PBXFileReference; lastKnownFileType = folder; path = tr.lproj; sourceTree = SOURCE_ROOT; };
		FBB25A0F1B429A3200794C12 /* uk.lproj */ = {isa = PBXFileReference; lastKnownFileType = folder; path = uk.lproj; sourceTree = SOURCE_ROOT; };
		FBB25A101B429A3200794C12 /* vi.lproj */ = {isa = PBXFileReference; lastKnownFileType = folder; path = vi.lproj; sourceTree = SOURCE_ROOT; };
		FBB25A111B429A3200794C12 /* zh-Hans.lproj */ = {isa = PBXFileReference; lastKnownFileType = folder; path = "zh-Hans.lproj"; sourceTree = SOURCE_ROOT; };
		FBB25A121B429A3200794C12 /* zh-Hant.lproj */ = {isa = PBXFileReference; lastKnownFileType = folder; path = "zh-Hant.lproj"; sourceTree = SOURCE_ROOT; };
/* End PBXFileReference section */

/* Begin PBXFrameworksBuildPhase section */
		2CBCAF6C1B1C5EA400471586 /* Frameworks */ = {
			isa = PBXFrameworksBuildPhase;
			buildActionMask = 2147483647;
			files = (
			);
			runOnlyForDeploymentPostprocessing = 0;
		};
/* End PBXFrameworksBuildPhase section */

/* Begin PBXGroup section */
		2CBCAF711B1C5EA400471586 /* Appirater */ = {
			isa = PBXGroup;
			children = (
				2CBCAF741B1C5EA400471586 /* AppiraterUmbrellaHeader.h */,
				2CBCAF721B1C5EA400471586 /* Supporting Files */,
			);
			path = Appirater;
			sourceTree = "<group>";
		};
		2CBCAF721B1C5EA400471586 /* Supporting Files */ = {
			isa = PBXGroup;
			children = (
				2CBCAF731B1C5EA400471586 /* Info.plist */,
			);
			name = "Supporting Files";
			sourceTree = "<group>";
		};
		2CBCAF7E1B1C5EA400471586 /* AppiraterTests */ = {
			isa = PBXGroup;
			children = (
				2CBCAF811B1C5EA400471586 /* AppiraterTests.swift */,
				2CBCAF7F1B1C5EA400471586 /* Supporting Files */,
			);
			path = AppiraterTests;
			sourceTree = "<group>";
		};
		2CBCAF7F1B1C5EA400471586 /* Supporting Files */ = {
			isa = PBXGroup;
			children = (
				2CBCAF801B1C5EA400471586 /* Info.plist */,
			);
			name = "Supporting Files";
			sourceTree = "<group>";
		};
		FB1CEF141B0E15DC0045029B = {
			isa = PBXGroup;
			children = (
				FB1CEF651B0E16590045029B /* README.md */,
				FB1CEF201B0E15DC0045029B /* Appirater */,
				2CBCAF711B1C5EA400471586 /* Appirater */,
				2CBCAF7E1B1C5EA400471586 /* AppiraterTests */,
				FB1CEF1F1B0E15DC0045029B /* Products */,
			);
			sourceTree = "<group>";
		};
		FB1CEF1F1B0E15DC0045029B /* Products */ = {
			isa = PBXGroup;
			children = (
				2CBCAF701B1C5EA400471586 /* Appirater.framework */,
			);
			name = Products;
			sourceTree = "<group>";
		};
		FB1CEF201B0E15DC0045029B /* Appirater */ = {
			isa = PBXGroup;
			children = (
				2C886E281B1C36DE00366947 /* Appirater.h */,
				2C886E291B1C36DE00366947 /* Appirater.m */,
				2C886E2C1B1C36E700366947 /* AppiraterDelegate.h */,
				FB1CEF421B0E163B0045029B /* Localizations */,
			);
			path = Appirater;
			sourceTree = "<group>";
		};
		FB1CEF421B0E163B0045029B /* Localizations */ = {
			isa = PBXGroup;
			children = (
				FBB259F31B429A3200794C12 /* ar.lproj */,
				FBB259F41B429A3200794C12 /* ca.lproj */,
				FBB259F51B429A3200794C12 /* cs.lproj */,
				FBB259F61B429A3200794C12 /* da.lproj */,
				FBB259F71B429A3200794C12 /* de.lproj */,
				FBB259F81B429A3200794C12 /* el.lproj */,
				FBB259F91B429A3200794C12 /* en.lproj */,
				FBB259FA1B429A3200794C12 /* es.lproj */,
				FBB259FB1B429A3200794C12 /* fi.lproj */,
				FBB259FC1B429A3200794C12 /* fr.lproj */,
				FBB259FD1B429A3200794C12 /* he.lproj */,
				FBB259FE1B429A3200794C12 /* hu.lproj */,
				FBB259FF1B429A3200794C12 /* id.lproj */,
				FBB25A001B429A3200794C12 /* it.lproj */,
				FBB25A011B429A3200794C12 /* ja.lproj */,
				FBB25A021B429A3200794C12 /* ko.lproj */,
				FBB25A031B429A3200794C12 /* ms.lproj */,
				FBB25A041B429A3200794C12 /* nb.lproj */,
				FBB25A051B429A3200794C12 /* nl.lproj */,
				FBB25A061B429A3200794C12 /* pl.lproj */,
				FBB25A071B429A3200794C12 /* pt-BR.lproj */,
				FBB25A081B429A3200794C12 /* pt.lproj */,
				FBB25A091B429A3200794C12 /* ro.lproj */,
				FBB25A0A1B429A3200794C12 /* ru.lproj */,
				FBB25A0B1B429A3200794C12 /* sk.lproj */,
				FBB25A0C1B429A3200794C12 /* sv.lproj */,
				FBB25A0D1B429A3200794C12 /* th.lproj */,
				FBB25A0E1B429A3200794C12 /* tr.lproj */,
				FBB25A0F1B429A3200794C12 /* uk.lproj */,
				FBB25A101B429A3200794C12 /* vi.lproj */,
				FBB25A111B429A3200794C12 /* zh-Hans.lproj */,
				FBB25A121B429A3200794C12 /* zh-Hant.lproj */,
			);
			path = Localizations;
			sourceTree = "<group>";
		};
/* End PBXGroup section */

/* Begin PBXHeadersBuildPhase section */
		2CBCAF6D1B1C5EA400471586 /* Headers */ = {
			isa = PBXHeadersBuildPhase;
			buildActionMask = 2147483647;
			files = (
				2CBCAF751B1C5EA400471586 /* AppiraterUmbrellaHeader.h in Headers */,
				2CBCAF8B1B1C5EB900471586 /* Appirater.h in Headers */,
				2CBCAF8D1B1C5EB900471586 /* AppiraterDelegate.h in Headers */,
			);
			runOnlyForDeploymentPostprocessing = 0;
		};
/* End PBXHeadersBuildPhase section */

/* Begin PBXNativeTarget section */
		2CBCAF6F1B1C5EA400471586 /* Appirater */ = {
			isa = PBXNativeTarget;
			buildConfigurationList = 2CBCAF831B1C5EA400471586 /* Build configuration list for PBXNativeTarget "Appirater" */;
			buildPhases = (
				2CBCAF6B1B1C5EA400471586 /* Sources */,
				2CBCAF6C1B1C5EA400471586 /* Frameworks */,
				2CBCAF6D1B1C5EA400471586 /* Headers */,
				2CBCAF6E1B1C5EA400471586 /* Resources */,
			);
			buildRules = (
			);
			dependencies = (
			);
			name = Appirater;
			productName = Appirater;
			productReference = 2CBCAF701B1C5EA400471586 /* Appirater.framework */;
			productType = "com.apple.product-type.framework";
		};
/* End PBXNativeTarget section */

/* Begin PBXProject section */
		FB1CEF151B0E15DC0045029B /* Project object */ = {
			isa = PBXProject;
			attributes = {
				LastUpgradeCheck = 0810;
				ORGANIZATIONNAME = Hyperconnect;
				TargetAttributes = {
					2CBCAF6F1B1C5EA400471586 = {
						CreatedOnToolsVersion = 6.3.2;
					};
				};
			};
			buildConfigurationList = FB1CEF181B0E15DC0045029B /* Build configuration list for PBXProject "Appirater" */;
			compatibilityVersion = "Xcode 3.2";
			developmentRegion = English;
			hasScannedForEncodings = 0;
			knownRegions = (
				en,
				ar,
				ca,
				cs,
				da,
				de,
				el,
				es,
				fi,
				fr,
				he,
				hu,
				id,
				it,
				ja,
				ko,
				ms,
				nb,
				nl,
				pl,
				"pt-BR",
				pt,
				ro,
				ru,
				sk,
				sv,
				th,
				tr,
				uk,
				vi,
				"zh-Hans",
				"zh-Hant",
			);
			mainGroup = FB1CEF141B0E15DC0045029B;
			productRefGroup = FB1CEF1F1B0E15DC0045029B /* Products */;
			projectDirPath = "";
			projectRoot = "";
			targets = (
				2CBCAF6F1B1C5EA400471586 /* Appirater */,
			);
		};
/* End PBXProject section */

/* Begin PBXResourcesBuildPhase section */
		2CBCAF6E1B1C5EA400471586 /* Resources */ = {
			isa = PBXResourcesBuildPhase;
			buildActionMask = 2147483647;
			files = (
				FBB25A191B429A3200794C12 /* en.lproj in Resources */,
				FBB25A131B429A3200794C12 /* ar.lproj in Resources */,
				FBB25A151B429A3200794C12 /* cs.lproj in Resources */,
				FBB25A1C1B429A3200794C12 /* fr.lproj in Resources */,
				FBB25A2A1B429A3200794C12 /* ru.lproj in Resources */,
				FBB25A161B429A3200794C12 /* da.lproj in Resources */,
				FBB25A171B429A3200794C12 /* de.lproj in Resources */,
				FBB25A1A1B429A3200794C12 /* es.lproj in Resources */,
				FBB25A271B429A3200794C12 /* pt-BR.lproj in Resources */,
				FBB25A241B429A3200794C12 /* nb.lproj in Resources */,
				FBB25A221B429A3200794C12 /* ko.lproj in Resources */,
				FBB25A311B429A3200794C12 /* zh-Hans.lproj in Resources */,
				FBB25A2E1B429A3200794C12 /* tr.lproj in Resources */,
				FBB25A1D1B429A3200794C12 /* he.lproj in Resources */,
				FBB25A181B429A3200794C12 /* el.lproj in Resources */,
				FBB25A251B429A3200794C12 /* nl.lproj in Resources */,
				FBB25A281B429A3200794C12 /* pt.lproj in Resources */,
				FBB25A1B1B429A3200794C12 /* fi.lproj in Resources */,
				FBB25A2C1B429A3200794C12 /* sv.lproj in Resources */,
				FBB25A261B429A3200794C12 /* pl.lproj in Resources */,
				FBB25A201B429A3200794C12 /* it.lproj in Resources */,
				FBB25A2B1B429A3200794C12 /* sk.lproj in Resources */,
				FBB25A1F1B429A3200794C12 /* id.lproj in Resources */,
				FBB25A1E1B429A3200794C12 /* hu.lproj in Resources */,
				FBB25A231B429A3200794C12 /* ms.lproj in Resources */,
				FBB25A2F1B429A3200794C12 /* uk.lproj in Resources */,
				FBB25A211B429A3200794C12 /* ja.lproj in Resources */,
				FBB25A141B429A3200794C12 /* ca.lproj in Resources */,
				FBB25A321B429A3200794C12 /* zh-Hant.lproj in Resources */,
				FBB25A2D1B429A3200794C12 /* th.lproj in Resources */,
				FBB25A301B429A3200794C12 /* vi.lproj in Resources */,
				FBB25A291B429A3200794C12 /* ro.lproj in Resources */,
			);
			runOnlyForDeploymentPostprocessing = 0;
		};
/* End PBXResourcesBuildPhase section */

/* Begin PBXSourcesBuildPhase section */
		2CBCAF6B1B1C5EA400471586 /* Sources */ = {
			isa = PBXSourcesBuildPhase;
			buildActionMask = 2147483647;
			files = (
				2CBCAF8C1B1C5EB900471586 /* Appirater.m in Sources */,
			);
			runOnlyForDeploymentPostprocessing = 0;
		};
/* End PBXSourcesBuildPhase section */

/* Begin XCBuildConfiguration section */
		2CBCAF841B1C5EA400471586 /* Debug */ = {
			isa = XCBuildConfiguration;
			buildSettings = {
				"CODE_SIGN_IDENTITY[sdk=iphoneos*]" = "";
				DEFINES_MODULE = YES;
				DYLIB_COMPATIBILITY_VERSION = 1;
				DYLIB_CURRENT_VERSION = 1;
				DYLIB_INSTALL_NAME_BASE = "@rpath";
				GCC_PREPROCESSOR_DEFINITIONS = (
					"DEBUG=1",
					"$(inherited)",
				);
				INFOPLIST_FILE = Appirater/Info.plist;
				INSTALL_PATH = "$(LOCAL_LIBRARY_DIR)/Frameworks";
				IPHONEOS_DEPLOYMENT_TARGET = 8.0;
				LD_RUNPATH_SEARCH_PATHS = "$(inherited) @executable_path/Frameworks @loader_path/Frameworks";
				MODULEMAP_FILE = "$(SRCROOT)/Appirater/module.modulemap";
				PRODUCT_BUNDLE_IDENTIFIER = "com.hpcnt.$(PRODUCT_NAME:rfc1034identifier)";
				PRODUCT_NAME = "$(TARGET_NAME)";
				SKIP_INSTALL = YES;
			};
			name = Debug;
		};
		2CBCAF851B1C5EA400471586 /* Release */ = {
			isa = XCBuildConfiguration;
			buildSettings = {
				"CODE_SIGN_IDENTITY[sdk=iphoneos*]" = "";
				DEFINES_MODULE = YES;
				DYLIB_COMPATIBILITY_VERSION = 1;
				DYLIB_CURRENT_VERSION = 1;
				DYLIB_INSTALL_NAME_BASE = "@rpath";
				GCC_PREPROCESSOR_DEFINITIONS = (
					NDEBUG,
					NS_BLOCK_ASSERTIONS,
				);
				INFOPLIST_FILE = Appirater/Info.plist;
				INSTALL_PATH = "$(LOCAL_LIBRARY_DIR)/Frameworks";
				IPHONEOS_DEPLOYMENT_TARGET = 8.0;
				LD_RUNPATH_SEARCH_PATHS = "$(inherited) @executable_path/Frameworks @loader_path/Frameworks";
				MODULEMAP_FILE = "$(SRCROOT)/Appirater/module.modulemap";
				PRODUCT_BUNDLE_IDENTIFIER = "com.hpcnt.$(PRODUCT_NAME:rfc1034identifier)";
				PRODUCT_NAME = "$(TARGET_NAME)";
				SKIP_INSTALL = YES;
			};
			name = Release;
		};
		2CBCAF861B1C5EA400471586 /* QA */ = {
			isa = XCBuildConfiguration;
			buildSettings = {
				"CODE_SIGN_IDENTITY[sdk=iphoneos*]" = "";
				DEFINES_MODULE = YES;
				DYLIB_COMPATIBILITY_VERSION = 1;
				DYLIB_CURRENT_VERSION = 1;
				DYLIB_INSTALL_NAME_BASE = "@rpath";
				INFOPLIST_FILE = Appirater/Info.plist;
				INSTALL_PATH = "$(LOCAL_LIBRARY_DIR)/Frameworks";
				IPHONEOS_DEPLOYMENT_TARGET = 8.0;
				LD_RUNPATH_SEARCH_PATHS = "$(inherited) @executable_path/Frameworks @loader_path/Frameworks";
				MODULEMAP_FILE = "$(SRCROOT)/Appirater/module.modulemap";
				PRODUCT_BUNDLE_IDENTIFIER = "com.hpcnt.$(PRODUCT_NAME:rfc1034identifier)";
				PRODUCT_NAME = "$(TARGET_NAME)";
				SKIP_INSTALL = YES;
			};
			name = QA;
		};
		FB1CEF321B0E15DC0045029B /* Debug */ = {
			isa = XCBuildConfiguration;
			buildSettings = {
				ALWAYS_SEARCH_USER_PATHS = NO;
				CLANG_ANALYZER_LOCALIZABILITY_NONLOCALIZED = YES;
				CLANG_CXX_LANGUAGE_STANDARD = "gnu++0x";
				CLANG_CXX_LIBRARY = "libc++";
				CLANG_ENABLE_MODULES = YES;
				CLANG_ENABLE_OBJC_ARC = YES;
				CLANG_WARN_BOOL_CONVERSION = YES;
				CLANG_WARN_CONSTANT_CONVERSION = YES;
				CLANG_WARN_DIRECT_OBJC_ISA_USAGE = YES_ERROR;
				CLANG_WARN_EMPTY_BODY = YES;
				CLANG_WARN_ENUM_CONVERSION = YES;
				CLANG_WARN_INFINITE_RECURSION = YES;
				CLANG_WARN_INT_CONVERSION = YES;
				CLANG_WARN_OBJC_ROOT_CLASS = YES_ERROR;
				CLANG_WARN_SUSPICIOUS_MOVE = YES;
				CLANG_WARN_UNREACHABLE_CODE = YES;
				CLANG_WARN__DUPLICATE_METHOD_MATCH = YES;
				"CODE_SIGN_IDENTITY[sdk=iphoneos*]" = "iPhone Developer";
				COPY_PHASE_STRIP = NO;
				CURRENT_PROJECT_VERSION = 1;
				DEBUG_INFORMATION_FORMAT = "dwarf-with-dsym";
				ENABLE_STRICT_OBJC_MSGSEND = YES;
				ENABLE_TESTABILITY = YES;
				GCC_C_LANGUAGE_STANDARD = gnu99;
				GCC_DYNAMIC_NO_PIC = NO;
				GCC_NO_COMMON_BLOCKS = YES;
				GCC_OPTIMIZATION_LEVEL = 0;
				GCC_PREPROCESSOR_DEFINITIONS = (
					"DEBUG=1",
					"$(inherited)",
				);
				GCC_SYMBOLS_PRIVATE_EXTERN = NO;
				GCC_WARN_64_TO_32_BIT_CONVERSION = YES;
				GCC_WARN_ABOUT_RETURN_TYPE = YES_ERROR;
				GCC_WARN_UNDECLARED_SELECTOR = YES;
				GCC_WARN_UNINITIALIZED_AUTOS = YES_AGGRESSIVE;
				GCC_WARN_UNUSED_FUNCTION = YES;
				GCC_WARN_UNUSED_VARIABLE = YES;
				IPHONEOS_DEPLOYMENT_TARGET = 8.0;
				MTL_ENABLE_DEBUG_INFO = YES;
				ONLY_ACTIVE_ARCH = YES;
				SDKROOT = iphoneos;
				SWIFT_OPTIMIZATION_LEVEL = "-Onone";
				TARGETED_DEVICE_FAMILY = "1,2";
				VERSIONING_SYSTEM = "apple-generic";
				VERSION_INFO_PREFIX = "";
			};
			name = Debug;
		};
		FB1CEF331B0E15DC0045029B /* Release */ = {
			isa = XCBuildConfiguration;
			buildSettings = {
				ALWAYS_SEARCH_USER_PATHS = NO;
				CLANG_ANALYZER_LOCALIZABILITY_NONLOCALIZED = YES;
				CLANG_CXX_LANGUAGE_STANDARD = "gnu++0x";
				CLANG_CXX_LIBRARY = "libc++";
				CLANG_ENABLE_MODULES = YES;
				CLANG_ENABLE_OBJC_ARC = YES;
				CLANG_WARN_BOOL_CONVERSION = YES;
				CLANG_WARN_CONSTANT_CONVERSION = YES;
				CLANG_WARN_DIRECT_OBJC_ISA_USAGE = YES_ERROR;
				CLANG_WARN_EMPTY_BODY = YES;
				CLANG_WARN_ENUM_CONVERSION = YES;
				CLANG_WARN_INFINITE_RECURSION = YES;
				CLANG_WARN_INT_CONVERSION = YES;
				CLANG_WARN_OBJC_ROOT_CLASS = YES_ERROR;
				CLANG_WARN_SUSPICIOUS_MOVE = YES;
				CLANG_WARN_UNREACHABLE_CODE = YES;
				CLANG_WARN__DUPLICATE_METHOD_MATCH = YES;
				"CODE_SIGN_IDENTITY[sdk=iphoneos*]" = "iPhone Developer";
				COPY_PHASE_STRIP = NO;
				CURRENT_PROJECT_VERSION = 1;
				DEBUG_INFORMATION_FORMAT = "dwarf-with-dsym";
				ENABLE_NS_ASSERTIONS = NO;
				ENABLE_STRICT_OBJC_MSGSEND = YES;
				GCC_C_LANGUAGE_STANDARD = gnu99;
				GCC_NO_COMMON_BLOCKS = YES;
				GCC_WARN_64_TO_32_BIT_CONVERSION = YES;
				GCC_WARN_ABOUT_RETURN_TYPE = YES_ERROR;
				GCC_WARN_UNDECLARED_SELECTOR = YES;
				GCC_WARN_UNINITIALIZED_AUTOS = YES_AGGRESSIVE;
				GCC_WARN_UNUSED_FUNCTION = YES;
				GCC_WARN_UNUSED_VARIABLE = YES;
				IPHONEOS_DEPLOYMENT_TARGET = 8.0;
				MTL_ENABLE_DEBUG_INFO = NO;
				SDKROOT = iphoneos;
				TARGETED_DEVICE_FAMILY = "1,2";
				VALIDATE_PRODUCT = YES;
				VERSIONING_SYSTEM = "apple-generic";
				VERSION_INFO_PREFIX = "";
			};
			name = Release;
		};
		FB1CEF3A1B0E15EE0045029B /* QA */ = {
			isa = XCBuildConfiguration;
			buildSettings = {
				ALWAYS_SEARCH_USER_PATHS = NO;
				CLANG_ANALYZER_LOCALIZABILITY_NONLOCALIZED = YES;
				CLANG_CXX_LANGUAGE_STANDARD = "gnu++0x";
				CLANG_CXX_LIBRARY = "libc++";
				CLANG_ENABLE_MODULES = YES;
				CLANG_ENABLE_OBJC_ARC = YES;
				CLANG_WARN_BOOL_CONVERSION = YES;
				CLANG_WARN_CONSTANT_CONVERSION = YES;
				CLANG_WARN_DIRECT_OBJC_ISA_USAGE = YES_ERROR;
				CLANG_WARN_EMPTY_BODY = YES;
				CLANG_WARN_ENUM_CONVERSION = YES;
				CLANG_WARN_INFINITE_RECURSION = YES;
				CLANG_WARN_INT_CONVERSION = YES;
				CLANG_WARN_OBJC_ROOT_CLASS = YES_ERROR;
				CLANG_WARN_SUSPICIOUS_MOVE = YES;
				CLANG_WARN_UNREACHABLE_CODE = YES;
				CLANG_WARN__DUPLICATE_METHOD_MATCH = YES;
				"CODE_SIGN_IDENTITY[sdk=iphoneos*]" = "iPhone Developer";
				COPY_PHASE_STRIP = NO;
				CURRENT_PROJECT_VERSION = 1;
				DEBUG_INFORMATION_FORMAT = "dwarf-with-dsym";
				ENABLE_NS_ASSERTIONS = NO;
				ENABLE_STRICT_OBJC_MSGSEND = YES;
				GCC_C_LANGUAGE_STANDARD = gnu99;
				GCC_NO_COMMON_BLOCKS = YES;
				GCC_WARN_64_TO_32_BIT_CONVERSION = YES;
				GCC_WARN_ABOUT_RETURN_TYPE = YES_ERROR;
				GCC_WARN_UNDECLARED_SELECTOR = YES;
				GCC_WARN_UNINITIALIZED_AUTOS = YES_AGGRESSIVE;
				GCC_WARN_UNUSED_FUNCTION = YES;
				GCC_WARN_UNUSED_VARIABLE = YES;
				IPHONEOS_DEPLOYMENT_TARGET = 8.0;
				MTL_ENABLE_DEBUG_INFO = NO;
				SDKROOT = iphoneos;
				TARGETED_DEVICE_FAMILY = "1,2";
				VALIDATE_PRODUCT = YES;
				VERSIONING_SYSTEM = "apple-generic";
				VERSION_INFO_PREFIX = "";
			};
			name = QA;
		};
/* End XCBuildConfiguration section */

/* Begin XCConfigurationList section */
		2CBCAF831B1C5EA400471586 /* Build configuration list for PBXNativeTarget "Appirater" */ = {
			isa = XCConfigurationList;
			buildConfigurations = (
				2CBCAF841B1C5EA400471586 /* Debug */,
				2CBCAF851B1C5EA400471586 /* Release */,
				2CBCAF861B1C5EA400471586 /* QA */,
			);
			defaultConfigurationIsVisible = 0;
			defaultConfigurationName = Release;
		};
		FB1CEF181B0E15DC0045029B /* Build configuration list for PBXProject "Appirater" */ = {
			isa = XCConfigurationList;
			buildConfigurations = (
				FB1CEF321B0E15DC0045029B /* Debug */,
				FB1CEF331B0E15DC0045029B /* Release */,
				FB1CEF3A1B0E15EE0045029B /* QA */,
			);
			defaultConfigurationIsVisible = 0;
			defaultConfigurationName = Release;
		};
/* End XCConfigurationList section */
	};
	rootObject = FB1CEF151B0E15DC0045029B /* Project object */;
}
